
Microsoft Visual Studio Solution File, Format Version 12.00
# Visual Studio 15
VisualStudioVersion = 15.0.28307.1684
MinimumVisualStudioVersion = 10.0.40219.1
Project("{8BC9CEB8-8B4A-11D0-8D11-00A0C91BC942}") = "Task1", "Task1\Task1.vcxproj", "{FB292CF7-E264-4FF3-9823-C8EA97317533}"
EndProject
Project("{8BC9CEB8-8B4A-11D0-8D11-00A0C91BC942}") = "Task2", "Task2\Task2.vcxproj", "{D750013F-51D6-4921-8ADC-1430C2E27AAE}"
EndProject
Project("{8BC9CEB8-8B4A-11D0-8D11-00A0C91BC942}") = "Task3", "Task3\Task3.vcxproj", "{434913D2-F3FE-4C69-8C6E-C6AC4FF869E1}"
EndProject
Project("{8BC9CEB8-8B4A-11D0-8D11-00A0C91BC942}") = "Task4", "Task4\Task4.vcxproj", "{8078B02F-FB04-4D12-A905-DB3F518B62D8}"
EndProject
Project("{8BC9CEB8-8B4A-11D0-8D11-00A0C91BC942}") = "Task5", "Task5\Task5.vcxproj", "{D17DEFE2-0712-4DFB-A59C-807DED0704FE}"
EndProject
Project("{8BC9CEB8-8B4A-11D0-8D11-00A0C91BC942}") = "Task6", "Task6\Task6.vcxproj", "{8B7181F6-3375-43E9-B005-D2C2DD5B1314}"
EndProject
Project("{8BC9CEB8-8B4A-11D0-8D11-00A0C91BC942}") = "Task7", "Task7\Task7.vcxproj", "{ACB90D70-EC8F-4701-B57E-B2035F3F448C}"
EndProject
Project("{8BC9CEB8-8B4A-11D0-8D11-00A0C91BC942}") = "Task8", "Task8\Task8.vcxproj", "{0C13B50E-ABB5-4303-8467-413A47AF5923}"
EndProject
Project("{8BC9CEB8-8B4A-11D0-8D11-00A0C91BC942}") = "Task9", "Task9\Task9.vcxproj", "{F1FFC42D-82CB-4EB8-BEAB-78A124D2983A}"
EndProject
Project("{8BC9CEB8-8B4A-11D0-8D11-00A0C91BC942}") = "Task10", "Task10\Task10.vcxproj", "{6354EADF-26D4-466A-A335-42E20D19E5F8}"
EndProject
Global
	GlobalSection(SolutionConfigurationPlatforms) = preSolution
		Debug|x64 = Debug|x64
		Debug|x86 = Debug|x86
		Release|x64 = Release|x64
		Release|x86 = Release|x86
	EndGlobalSection
	GlobalSection(ProjectConfigurationPlatforms) = postSolution
		{FB292CF7-E264-4FF3-9823-C8EA97317533}.Debug|x64.ActiveCfg = Debug|x64
		{FB292CF7-E264-4FF3-9823-C8EA97317533}.Debug|x64.Build.0 = Debug|x64
		{FB292CF7-E264-4FF3-9823-C8EA97317533}.Debug|x86.ActiveCfg = Debug|Win32
		{FB292CF7-E264-4FF3-9823-C8EA97317533}.Debug|x86.Build.0 = Debug|Win32
		{FB292CF7-E264-4FF3-9823-C8EA97317533}.Release|x64.ActiveCfg = Release|x64
		{FB292CF7-E264-4FF3-9823-C8EA97317533}.Release|x64.Build.0 = Release|x64
		{FB292CF7-E264-4FF3-9823-C8EA97317533}.Release|x86.ActiveCfg = Release|Win32
		{FB292CF7-E264-4FF3-9823-C8EA97317533}.Release|x86.Build.0 = Release|Win32
		{D750013F-51D6-4921-8ADC-1430C2E27AAE}.Debug|x64.ActiveCfg = Debug|x64
		{D750013F-51D6-4921-8ADC-1430C2E27AAE}.Debug|x64.Build.0 = Debug|x64
		{D750013F-51D6-4921-8ADC-1430C2E27AAE}.Debug|x86.ActiveCfg = Debug|Win32
		{D750013F-51D6-4921-8ADC-1430C2E27AAE}.Debug|x86.Build.0 = Debug|Win32
		{D750013F-51D6-4921-8ADC-1430C2E27AAE}.Release|x64.ActiveCfg = Release|x64
		{D750013F-51D6-4921-8ADC-1430C2E27AAE}.Release|x64.Build.0 = Release|x64
		{D750013F-51D6-4921-8ADC-1430C2E27AAE}.Release|x86.ActiveCfg = Release|Win32
		{D750013F-51D6-4921-8ADC-1430C2E27AAE}.Release|x86.Build.0 = Release|Win32
		{434913D2-F3FE-4C69-8C6E-C6AC4FF869E1}.Debug|x64.ActiveCfg = Debug|x64
		{434913D2-F3FE-4C69-8C6E-C6AC4FF869E1}.Debug|x64.Build.0 = Debug|x64
		{434913D2-F3FE-4C69-8C6E-C6AC4FF869E1}.Debug|x86.ActiveCfg = Debug|Win32
		{434913D2-F3FE-4C69-8C6E-C6AC4FF869E1}.Debug|x86.Build.0 = Debug|Win32
		{434913D2-F3FE-4C69-8C6E-C6AC4FF869E1}.Release|x64.ActiveCfg = Release|x64
		{434913D2-F3FE-4C69-8C6E-C6AC4FF869E1}.Release|x64.Build.0 = Release|x64
		{434913D2-F3FE-4C69-8C6E-C6AC4FF869E1}.Release|x86.ActiveCfg = Release|Win32
		{434913D2-F3FE-4C69-8C6E-C6AC4FF869E1}.Release|x86.Build.0 = Release|Win32
		{8078B02F-FB04-4D12-A905-DB3F518B62D8}.Debug|x64.ActiveCfg = Debug|x64
		{8078B02F-FB04-4D12-A905-DB3F518B62D8}.Debug|x64.Build.0 = Debug|x64
		{8078B02F-FB04-4D12-A905-DB3F518B62D8}.Debug|x86.ActiveCfg = Debug|Win32
		{8078B02F-FB04-4D12-A905-DB3F518B62D8}.Debug|x86.Build.0 = Debug|Win32
		{8078B02F-FB04-4D12-A905-DB3F518B62D8}.Release|x64.ActiveCfg = Release|x64
		{8078B02F-FB04-4D12-A905-DB3F518B62D8}.Release|x64.Build.0 = Release|x64
		{8078B02F-FB04-4D12-A905-DB3F518B62D8}.Release|x86.ActiveCfg = Release|Win32
		{8078B02F-FB04-4D12-A905-DB3F518B62D8}.Release|x86.Build.0 = Release|Win32
		{D17DEFE2-0712-4DFB-A59C-807DED0704FE}.Debug|x64.ActiveCfg = Debug|x64
		{D17DEFE2-0712-4DFB-A59C-807DED0704FE}.Debug|x64.Build.0 = Debug|x64
		{D17DEFE2-0712-4DFB-A59C-807DED0704FE}.Debug|x86.ActiveCfg = Debug|Win32
		{D17DEFE2-0712-4DFB-A59C-807DED0704FE}.Debug|x86.Build.0 = Debug|Win32
		{D17DEFE2-0712-4DFB-A59C-807DED0704FE}.Release|x64.ActiveCfg = Release|x64
		{D17DEFE2-0712-4DFB-A59C-807DED0704FE}.Release|x64.Build.0 = Release|x64
		{D17DEFE2-0712-4DFB-A59C-807DED0704FE}.Release|x86.ActiveCfg = Release|Win32
		{D17DEFE2-0712-4DFB-A59C-807DED0704FE}.Release|x86.Build.0 = Release|Win32
		{8B7181F6-3375-43E9-B005-D2C2DD5B1314}.Debug|x64.ActiveCfg = Debug|x64
		{8B7181F6-3375-43E9-B005-D2C2DD5B1314}.Debug|x64.Build.0 = Debug|x64
		{8B7181F6-3375-43E9-B005-D2C2DD5B1314}.Debug|x86.ActiveCfg = Debug|Win32
		{8B7181F6-3375-43E9-B005-D2C2DD5B1314}.Debug|x86.Build.0 = Debug|Win32
		{8B7181F6-3375-43E9-B005-D2C2DD5B1314}.Release|x64.ActiveCfg = Release|x64
		{8B7181F6-3375-43E9-B005-D2C2DD5B1314}.Release|x64.Build.0 = Release|x64
		{8B7181F6-3375-43E9-B005-D2C2DD5B1314}.Release|x86.ActiveCfg = Release|Win32
		{8B7181F6-3375-43E9-B005-D2C2DD5B1314}.Release|x86.Build.0 = Release|Win32
		{ACB90D70-EC8F-4701-B57E-B2035F3F448C}.Debug|x64.ActiveCfg = Debug|x64
		{ACB90D70-EC8F-4701-B57E-B2035F3F448C}.Debug|x64.Build.0 = Debug|x64
		{ACB90D70-EC8F-4701-B57E-B2035F3F448C}.Debug|x86.ActiveCfg = Debug|Win32
		{ACB90D70-EC8F-4701-B57E-B2035F3F448C}.Debug|x86.Build.0 = Debug|Win32
		{ACB90D70-EC8F-4701-B57E-B2035F3F448C}.Release|x64.ActiveCfg = Release|x64
		{ACB90D70-EC8F-4701-B57E-B2035F3F448C}.Release|x64.Build.0 = Release|x64
		{ACB90D70-EC8F-4701-B57E-B2035F3F448C}.Release|x86.ActiveCfg = Release|Win32
		{ACB90D70-EC8F-4701-B57E-B2035F3F448C}.Release|x86.Build.0 = Release|Win32
		{0C13B50E-ABB5-4303-8467-413A47AF5923}.Debug|x64.ActiveCfg = Debug|x64
		{0C13B50E-ABB5-4303-8467-413A47AF5923}.Debug|x64.Build.0 = Debug|x64
		{0C13B50E-ABB5-4303-8467-413A47AF5923}.Debug|x86.ActiveCfg = Debug|Win32
		{0C13B50E-ABB5-4303-8467-413A47AF5923}.Debug|x86.Build.0 = Debug|Win32
		{0C13B50E-ABB5-4303-8467-413A47AF5923}.Release|x64.ActiveCfg = Release|x64
		{0C13B50E-ABB5-4303-8467-413A47AF5923}.Release|x64.Build.0 = Release|x64
		{0C13B50E-ABB5-4303-8467-413A47AF5923}.Release|x86.ActiveCfg = Release|Win32
		{0C13B50E-ABB5-4303-8467-413A47AF5923}.Release|x86.Build.0 = Release|Win32
		{F1FFC42D-82CB-4EB8-BEAB-78A124D2983A}.Debug|x64.ActiveCfg = Debug|x64
		{F1FFC42D-82CB-4EB8-BEAB-78A124D2983A}.Debug|x64.Build.0 = Debug|x64
		{F1FFC42D-82CB-4EB8-BEAB-78A124D2983A}.Debug|x86.ActiveCfg = Debug|Win32
		{F1FFC42D-82CB-4EB8-BEAB-78A124D2983A}.Debug|x86.Build.0 = Debug|Win32
		{F1FFC42D-82CB-4EB8-BEAB-78A124D2983A}.Release|x64.ActiveCfg = Release|x64
		{F1FFC42D-82CB-4EB8-BEAB-78A124D2983A}.Release|x64.Build.0 = Release|x64
		{F1FFC42D-82CB-4EB8-BEAB-78A124D2983A}.Release|x86.ActiveCfg = Release|Win32
		{F1FFC42D-82CB-4EB8-BEAB-78A124D2983A}.Release|x86.Build.0 = Release|Win32
		{6354EADF-26D4-466A-A335-42E20D19E5F8}.Debug|x64.ActiveCfg = Debug|x64
		{6354EADF-26D4-466A-A335-42E20D19E5F8}.Debug|x64.Build.0 = Debug|x64
		{6354EADF-26D4-466A-A335-42E20D19E5F8}.Debug|x86.ActiveCfg = Debug|Win32
		{6354EADF-26D4-466A-A335-42E20D19E5F8}.Debug|x86.Build.0 = Debug|Win32
		{6354EADF-26D4-466A-A335-42E20D19E5F8}.Release|x64.ActiveCfg = Release|x64
		{6354EADF-26D4-466A-A335-42E20D19E5F8}.Release|x64.Build.0 = Release|x64
		{6354EADF-26D4-466A-A335-42E20D19E5F8}.Release|x86.ActiveCfg = Release|Win32
		{6354EADF-26D4-466A-A335-42E20D19E5F8}.Release|x86.Build.0 = Release|Win32
	EndGlobalSection
	GlobalSection(SolutionProperties) = preSolution
		HideSolutionNode = FALSE
	EndGlobalSection
	GlobalSection(ExtensibilityGlobals) = postSolution
		SolutionGuid = {29FC09FE-D336-4186-AE40-B257B4FF7DB6}
	EndGlobalSection
EndGlobal
